PODS:
  - Flutter (1.0.0)
  - flutter_device_locale (0.0.1):
    - Flutter

DEPENDENCIES:
  - Flutter (from `.symlinks/flutter/ios`)
  - flutter_device_locale (from `.symlinks/plugins/flutter_device_locale/ios`)

EXTERNAL SOURCES:
  Flutter:
    :path: ".symlinks/flutter/ios"
  flutter_device_locale:
    :path: ".symlinks/plugins/flutter_device_locale/ios"

SPEC CHECKSUMS:
  Flutter: 58dd7d1b27887414a370fcccb9e645c08ffd7a6a
  flutter_device_locale: b3c6060fc78f7502768d0bfbe7d71cd8bcd1b3d0

PODFILE CHECKSUM: 7fb83752f59ead6285236625b82473f90b1cb932

COCOAPODS: 1.7.5
